
Microsoft Visual Studio Solution File, Format Version 12.00
# Visual Studio Version 16
VisualStudioVersion = 16.0.29411.138
MinimumVisualStudioVersion = 10.0.40219.1
Project("{FAE04EC0-301F-11D3-BF4B-00C04F79EFBC}") = "PatronesDiseñoSoftwareSingleton", "PatronesDiseñoSoftwareSingleton.csproj", "{0B55C5CE-D4BE-4353-9664-DD8C9069AA06}"
EndProject
Global
	GlobalSection(SolutionConfigurationPlatforms) = preSolution
		Debug|Any CPU = Debug|Any CPU
		Release|Any CPU = Release|Any CPU
	EndGlobalSection
	GlobalSection(ProjectConfigurationPlatforms) = postSolution
		{0B55C5CE-D4BE-4353-9664-DD8C9069AA06}.Debug|Any CPU.ActiveCfg = Debug|Any CPU
		{0B55C5CE-D4BE-4353-9664-DD8C9069AA06}.Debug|Any CPU.Build.0 = Debug|Any CPU
		{0B55C5CE-D4BE-4353-9664-DD8C9069AA06}.Release|Any CPU.ActiveCfg = Release|Any CPU
		{0B55C5CE-D4BE-4353-9664-DD8C9069AA06}.Release|Any CPU.Build.0 = Release|Any CPU
	EndGlobalSection
	GlobalSection(SolutionProperties) = preSolution
		HideSolutionNode = FALSE
	EndGlobalSection
	GlobalSection(ExtensibilityGlobals) = postSolution
		SolutionGuid = {5484F8B2-31DE-42AB-A95E-1A80D6E34AB9}
	EndGlobalSection
EndGlobal
